{
  "R": {
    "Version": "4.4.0",
    "Repositories": [
      {
        "Name": "CRAN",
        "URL": "https://cran.rstudio.com"
      }
    ]
  },
  "Packages": {
    "connectapi": {
      "Package": "connectapi",
      "Version": "0.3.0",
      "Source": "Repository",
      "Repository": "CRAN"
    },
    "DBI": {
      "Package": "DBI",
      "Version": "1.2.3",
      "Source": "Repository",
      "Repository": "CRAN"
    },
    "dplyr": {
      "Package": "dplyr",
      "Version": "1.1.4",
      "Source": "Repository",
      "Repository": "CRAN"
    },
    "ellmer": {
      "Package": "ellmer",
      "Version": "0.1.0",
      "Source": "Repository",
      "Repository": "CRAN"
    },
    "odbc": {
      "Package": "odbc",
      "Version": "1.5.0",
      "Source": "Repository",
      "Repository": "CRAN"
    },
    "querychat": {
      "Package": "querychat",
      "Version": "0.1.0",
      "Source": "Repository",
      "Repository": "CRAN"
    },
    "shiny": {
      "Package": "shiny",
      "Version": "1.9.1",
      "Source": "Repository",
      "Repository": "CRAN"
    }
  }
}
